
Microsoft Visual Studio Solution File, Format Version 12.00
# Visual Studio Version 17
VisualStudioVersion = 17.11.35312.102
MinimumVisualStudioVersion = 10.0.40219.1
Project("{888888A0-9F3D-457C-B088-3A5042F75D52}") = "Assistant", "Assistant\Assistant.pyproj", "{1512354A-3D1D-4833-B55E-11FDDE538B9B}"
EndProject
Global
	GlobalSection(SolutionConfigurationPlatforms) = preSolution
		Debug|Any CPU = Debug|Any CPU
		Release|Any CPU = Release|Any CPU
	EndGlobalSection
	GlobalSection(ProjectConfigurationPlatforms) = postSolution
		{1512354A-3D1D-4833-B55E-11FDDE538B9B}.Debug|Any CPU.ActiveCfg = Debug|Any CPU
		{1512354A-3D1D-4833-B55E-11FDDE538B9B}.Release|Any CPU.ActiveCfg = Release|Any CPU
	EndGlobalSection
	GlobalSection(SolutionProperties) = preSolution
		HideSolutionNode = FALSE
	EndGlobalSection
	GlobalSection(ExtensibilityGlobals) = postSolution
		SolutionGuid = {8A2F6E2E-A942-40AA-8622-8A1CAA7724A1}
	EndGlobalSection
EndGlobal
